
Microsoft Visual Studio Solution File, Format Version 12.00
# Visual Studio 14
VisualStudioVersion = 14.0.24720.0
MinimumVisualStudioVersion = 10.0.40219.1
Project("{FAE04EC0-301F-11D3-BF4B-00C04F79EFBC}") = "Acad.Examples", "AutoCAD\Acad.Examples\Acad.Examples.csproj", "{74F5484A-CB0C-42D2-B9AA-6D598042791D}"
EndProject
Project("{FAE04EC0-301F-11D3-BF4B-00C04F79EFBC}") = "Mep.Examples", "AutoCAD Mep\MEP.Examples\Mep.Examples.csproj", "{C947B2CA-DFF2-4CDF-AFF4-834E8A9A6F24}"
EndProject
Project("{2150E333-8FDC-42A3-9474-1A3956D46DE8}") = "AutoCAD", "AutoCAD", "{8AFF1F02-C888-4166-8976-25E51B1F011D}"
EndProject
Project("{2150E333-8FDC-42A3-9474-1A3956D46DE8}") = "AutoCAD MEP", "AutoCAD MEP", "{5FA71C32-C102-43C2-BF4B-452D5A7DE08E}"
EndProject
Project("{2150E333-8FDC-42A3-9474-1A3956D46DE8}") = "AutoCAD Architecture", "AutoCAD Architecture", "{38809941-8712-47F0-93D4-8952CAB34C29}"
EndProject
Project("{2150E333-8FDC-42A3-9474-1A3956D46DE8}") = "Net", "Net", "{46D99054-F66A-431A-A4C9-77C68A117869}"
EndProject
Project("{FAE04EC0-301F-11D3-BF4B-00C04F79EFBC}") = "Aca.Examples", "AutoCAD Architecture\Aca.Examples\Aca.Examples.csproj", "{BAF4AF84-0C85-4B8E-A4DB-71CEFCE3051E}"
EndProject
Project("{FAE04EC0-301F-11D3-BF4B-00C04F79EFBC}") = "Net.Core", "Net\Net.Core\Net.Core.csproj", "{68ADA34B-92C5-4BF1-89D6-9DC949C2615F}"
EndProject
Project("{2150E333-8FDC-42A3-9474-1A3956D46DE8}") = "AutoCAD Plant3d", "AutoCAD Plant3d", "{8F35A8E4-8686-49BC-9DC0-1D23B5B98A24}"
EndProject
Project("{FAE04EC0-301F-11D3-BF4B-00C04F79EFBC}") = "Plant3d.Examples", "AutoCAD Plant3d\Plant3d.Examples\Plant3d.Examples.csproj", "{8A478CFB-2D7E-44D3-9C31-A6FE9B5B0E66}"
EndProject
Project("{FAE04EC0-301F-11D3-BF4B-00C04F79EFBC}") = "Acad.Core", "AutoCAD\Acad.Core\Acad.Core.csproj", "{5D0A9A3D-90BE-441C-A286-9D459359C6D6}"
EndProject
Global
	GlobalSection(SolutionConfigurationPlatforms) = preSolution
		Debug|Any CPU = Debug|Any CPU
		Release|Any CPU = Release|Any CPU
	EndGlobalSection
	GlobalSection(ProjectConfigurationPlatforms) = postSolution
		{74F5484A-CB0C-42D2-B9AA-6D598042791D}.Debug|Any CPU.ActiveCfg = Debug|Any CPU
		{74F5484A-CB0C-42D2-B9AA-6D598042791D}.Debug|Any CPU.Build.0 = Debug|Any CPU
		{74F5484A-CB0C-42D2-B9AA-6D598042791D}.Release|Any CPU.ActiveCfg = Release|Any CPU
		{74F5484A-CB0C-42D2-B9AA-6D598042791D}.Release|Any CPU.Build.0 = Release|Any CPU
		{C947B2CA-DFF2-4CDF-AFF4-834E8A9A6F24}.Debug|Any CPU.ActiveCfg = Debug|Any CPU
		{C947B2CA-DFF2-4CDF-AFF4-834E8A9A6F24}.Debug|Any CPU.Build.0 = Debug|Any CPU
		{C947B2CA-DFF2-4CDF-AFF4-834E8A9A6F24}.Release|Any CPU.ActiveCfg = Release|Any CPU
		{C947B2CA-DFF2-4CDF-AFF4-834E8A9A6F24}.Release|Any CPU.Build.0 = Release|Any CPU
		{BAF4AF84-0C85-4B8E-A4DB-71CEFCE3051E}.Debug|Any CPU.ActiveCfg = Debug|Any CPU
		{BAF4AF84-0C85-4B8E-A4DB-71CEFCE3051E}.Debug|Any CPU.Build.0 = Debug|Any CPU
		{BAF4AF84-0C85-4B8E-A4DB-71CEFCE3051E}.Release|Any CPU.ActiveCfg = Release|Any CPU
		{BAF4AF84-0C85-4B8E-A4DB-71CEFCE3051E}.Release|Any CPU.Build.0 = Release|Any CPU
		{68ADA34B-92C5-4BF1-89D6-9DC949C2615F}.Debug|Any CPU.ActiveCfg = Debug|Any CPU
		{68ADA34B-92C5-4BF1-89D6-9DC949C2615F}.Debug|Any CPU.Build.0 = Debug|Any CPU
		{68ADA34B-92C5-4BF1-89D6-9DC949C2615F}.Release|Any CPU.ActiveCfg = Release|Any CPU
		{68ADA34B-92C5-4BF1-89D6-9DC949C2615F}.Release|Any CPU.Build.0 = Release|Any CPU
		{8A478CFB-2D7E-44D3-9C31-A6FE9B5B0E66}.Debug|Any CPU.ActiveCfg = Debug|Any CPU
		{8A478CFB-2D7E-44D3-9C31-A6FE9B5B0E66}.Debug|Any CPU.Build.0 = Debug|Any CPU
		{8A478CFB-2D7E-44D3-9C31-A6FE9B5B0E66}.Release|Any CPU.ActiveCfg = Release|Any CPU
		{8A478CFB-2D7E-44D3-9C31-A6FE9B5B0E66}.Release|Any CPU.Build.0 = Release|Any CPU
		{5D0A9A3D-90BE-441C-A286-9D459359C6D6}.Debug|Any CPU.ActiveCfg = Debug|Any CPU
		{5D0A9A3D-90BE-441C-A286-9D459359C6D6}.Debug|Any CPU.Build.0 = Debug|Any CPU
		{5D0A9A3D-90BE-441C-A286-9D459359C6D6}.Release|Any CPU.ActiveCfg = Release|Any CPU
		{5D0A9A3D-90BE-441C-A286-9D459359C6D6}.Release|Any CPU.Build.0 = Release|Any CPU
	EndGlobalSection
	GlobalSection(SolutionProperties) = preSolution
		HideSolutionNode = FALSE
	EndGlobalSection
	GlobalSection(NestedProjects) = preSolution
		{74F5484A-CB0C-42D2-B9AA-6D598042791D} = {8AFF1F02-C888-4166-8976-25E51B1F011D}
		{C947B2CA-DFF2-4CDF-AFF4-834E8A9A6F24} = {5FA71C32-C102-43C2-BF4B-452D5A7DE08E}
		{BAF4AF84-0C85-4B8E-A4DB-71CEFCE3051E} = {38809941-8712-47F0-93D4-8952CAB34C29}
		{68ADA34B-92C5-4BF1-89D6-9DC949C2615F} = {46D99054-F66A-431A-A4C9-77C68A117869}
		{8A478CFB-2D7E-44D3-9C31-A6FE9B5B0E66} = {8F35A8E4-8686-49BC-9DC0-1D23B5B98A24}
		{5D0A9A3D-90BE-441C-A286-9D459359C6D6} = {8AFF1F02-C888-4166-8976-25E51B1F011D}
	EndGlobalSection
EndGlobal
